// !$*UTF8*$!
{
	archiveVersion = 1;
	classes = {
	};
	objectVersion = 46;
	objects = {

/* Begin PBXBuildFile section */
		9557077318DE7CF300542E88 /* CAKeyframeAnimation+TBTCustomEasingExtention.m in Sources */ = {isa = PBXBuildFile; fileRef = 9557073418DE7CF300542E88 /* CAKeyframeAnimation+TBTCustomEasingExtention.m */; };
		9557077418DE7CF300542E88 /* NSArray+TBTArray.m in Sources */ = {isa = PBXBuildFile; fileRef = 9557073618DE7CF300542E88 /* NSArray+TBTArray.m */; };
		9557077518DE7CF300542E88 /* NSArray+TBTNonObjectExtention.m in Sources */ = {isa = PBXBuildFile; fileRef = 9557073818DE7CF300542E88 /* NSArray+TBTNonObjectExtention.m */; };
		9557077618DE7CF300542E88 /* NSArray+TBTShuffle.m in Sources */ = {isa = PBXBuildFile; fileRef = 9557073A18DE7CF300542E88 /* NSArray+TBTShuffle.m */; };
		9557077718DE7CF300542E88 /* NSDate+TBTDate.m in Sources */ = {isa = PBXBuildFile; fileRef = 9557073C18DE7CF300542E88 /* NSDate+TBTDate.m */; };
		9557077818DE7CF300542E88 /* NSDictionary+TBTNonObjectExtention.m in Sources */ = {isa = PBXBuildFile; fileRef = 9557073E18DE7CF300542E88 /* NSDictionary+TBTNonObjectExtention.m */; };
		9557077918DE7CF300542E88 /* NSMutableURLRequest+TBTPostRequestExtention.m in Sources */ = {isa = PBXBuildFile; fileRef = 9557074018DE7CF300542E88 /* NSMutableURLRequest+TBTPostRequestExtention.m */; };
		9557077A18DE7CF300542E88 /* NSString+TBTString.m in Sources */ = {isa = PBXBuildFile; fileRef = 9557074218DE7CF300542E88 /* NSString+TBTString.m */; };
		9557077B18DE7CF300542E88 /* NSURLConnection+TBTConnectionParameterExtention.m in Sources */ = {isa = PBXBuildFile; fileRef = 9557074418DE7CF300542E88 /* NSURLConnection+TBTConnectionParameterExtention.m */; };
		9557077C18DE7CF300542E88 /* NSURLConnection+TBTDelegateProxyExtention.m in Sources */ = {isa = PBXBuildFile; fileRef = 9557074618DE7CF300542E88 /* NSURLConnection+TBTDelegateProxyExtention.m */; };
		9557077D18DE7CF300542E88 /* NSURLRequest+TBTFaster.m in Sources */ = {isa = PBXBuildFile; fileRef = 9557074818DE7CF300542E88 /* NSURLRequest+TBTFaster.m */; };
		9557077E18DE7CF300542E88 /* UIAlertView+BlockExtention.m in Sources */ = {isa = PBXBuildFile; fileRef = 9557074A18DE7CF300542E88 /* UIAlertView+BlockExtention.m */; };
		9557077F18DE7CF300542E88 /* UIButton+TBTToggleExtention.m in Sources */ = {isa = PBXBuildFile; fileRef = 9557074D18DE7CF300542E88 /* UIButton+TBTToggleExtention.m */; };
		9557078018DE7CF300542E88 /* UIColor+TBTFastExtention.m in Sources */ = {isa = PBXBuildFile; fileRef = 9557074F18DE7CF300542E88 /* UIColor+TBTFastExtention.m */; };
		9557078118DE7CF300542E88 /* UILabel+TBTLabelExtend.m in Sources */ = {isa = PBXBuildFile; fileRef = 9557075118DE7CF300542E88 /* UILabel+TBTLabelExtend.m */; };
		9557078218DE7CF300542E88 /* UIResponder+TBTAppDelegateExtention.m in Sources */ = {isa = PBXBuildFile; fileRef = 9557075318DE7CF300542E88 /* UIResponder+TBTAppDelegateExtention.m */; };
		9557078318DE7CF300542E88 /* UIScrollView+TBTTiledImageExtention.m in Sources */ = {isa = PBXBuildFile; fileRef = 9557075518DE7CF300542E88 /* UIScrollView+TBTTiledImageExtention.m */; };
		9557078418DE7CF300542E88 /* UIScrollView+TBTZoomingExtention.m in Sources */ = {isa = PBXBuildFile; fileRef = 9557075718DE7CF300542E88 /* UIScrollView+TBTZoomingExtention.m */; };
		9557078518DE7CF300542E88 /* UIView+TBTAnimationExtention.m in Sources */ = {isa = PBXBuildFile; fileRef = 9557075918DE7CF300542E88 /* UIView+TBTAnimationExtention.m */; };
		9557078618DE7CF300542E88 /* UIView+TBTCoreGraphicsExtention.m in Sources */ = {isa = PBXBuildFile; fileRef = 9557075B18DE7CF300542E88 /* UIView+TBTCoreGraphicsExtention.m */; };
		9557078718DE7CF300542E88 /* UIView+TBTDebugExtention.m in Sources */ = {isa = PBXBuildFile; fileRef = 9557075D18DE7CF300542E88 /* UIView+TBTDebugExtention.m */; };
		9557078818DE7CF300542E88 /* UIView+TBTProperyExtention.m in Sources */ = {isa = PBXBuildFile; fileRef = 9557075F18DE7CF300542E88 /* UIView+TBTProperyExtention.m */; };
		9557078918DE7CF300542E88 /* UIViewController+TBTRapidWriteExtention.m in Sources */ = {isa = PBXBuildFile; fileRef = 9557076118DE7CF300542E88 /* UIViewController+TBTRapidWriteExtention.m */; };
		9557078A18DE7CF300542E88 /* TBTAlertViewBlock.m in Sources */ = {isa = PBXBuildFile; fileRef = 9557076418DE7CF300542E88 /* TBTAlertViewBlock.m */; };
		9557078B18DE7CF300542E88 /* TBTCGExtend.m in Sources */ = {isa = PBXBuildFile; fileRef = 9557076618DE7CF300542E88 /* TBTCGExtend.m */; };
		9557078C18DE7CF300542E88 /* TBTHTTPRequest.m in Sources */ = {isa = PBXBuildFile; fileRef = 9557076818DE7CF300542E88 /* TBTHTTPRequest.m */; };
		9557078D18DE7CF300542E88 /* TBToaster.m in Sources */ = {isa = PBXBuildFile; fileRef = 9557076B18DE7CF300542E88 /* TBToaster.m */; };
		9557078E18DE7CF300542E88 /* TBTSingletonBase.m in Sources */ = {isa = PBXBuildFile; fileRef = 9557076E18DE7CF300542E88 /* TBTSingletonBase.m */; };
		9557078F18DE7CF300542E88 /* TBTVector.c in Sources */ = {isa = PBXBuildFile; fileRef = 9557077118DE7CF300542E88 /* TBTVector.c */; };
		95871AF618DE7B9B00B93E33 /* Foundation.framework in Frameworks */ = {isa = PBXBuildFile; fileRef = 95871AF518DE7B9B00B93E33 /* Foundation.framework */; };
		95871AF818DE7B9B00B93E33 /* CoreGraphics.framework in Frameworks */ = {isa = PBXBuildFile; fileRef = 95871AF718DE7B9B00B93E33 /* CoreGraphics.framework */; };
		95871AFA18DE7B9B00B93E33 /* UIKit.framework in Frameworks */ = {isa = PBXBuildFile; fileRef = 95871AF918DE7B9B00B93E33 /* UIKit.framework */; };
		95871B0018DE7B9B00B93E33 /* InfoPlist.strings in Resources */ = {isa = PBXBuildFile; fileRef = 95871AFE18DE7B9B00B93E33 /* InfoPlist.strings */; };
		95871B0218DE7B9B00B93E33 /* main.m in Sources */ = {isa = PBXBuildFile; fileRef = 95871B0118DE7B9B00B93E33 /* main.m */; };
		95871B0618DE7B9B00B93E33 /* AppDelegate.m in Sources */ = {isa = PBXBuildFile; fileRef = 95871B0518DE7B9B00B93E33 /* AppDelegate.m */; };
		95871B0918DE7B9B00B93E33 /* Main.storyboard in Resources */ = {isa = PBXBuildFile; fileRef = 95871B0718DE7B9B00B93E33 /* Main.storyboard */; };
		95871B0C18DE7B9B00B93E33 /* ViewController.m in Sources */ = {isa = PBXBuildFile; fileRef = 95871B0B18DE7B9B00B93E33 /* ViewController.m */; };
		95871B0E18DE7B9B00B93E33 /* Images.xcassets in Resources */ = {isa = PBXBuildFile; fileRef = 95871B0D18DE7B9B00B93E33 /* Images.xcassets */; };
		95871B1518DE7B9B00B93E33 /* XCTest.framework in Frameworks */ = {isa = PBXBuildFile; fileRef = 95871B1418DE7B9B00B93E33 /* XCTest.framework */; };
		95871B1618DE7B9B00B93E33 /* Foundation.framework in Frameworks */ = {isa = PBXBuildFile; fileRef = 95871AF518DE7B9B00B93E33 /* Foundation.framework */; };
		95871B1718DE7B9B00B93E33 /* UIKit.framework in Frameworks */ = {isa = PBXBuildFile; fileRef = 95871AF918DE7B9B00B93E33 /* UIKit.framework */; };
		95871B1F18DE7B9B00B93E33 /* InfoPlist.strings in Resources */ = {isa = PBXBuildFile; fileRef = 95871B1D18DE7B9B00B93E33 /* InfoPlist.strings */; };
		95871B2118DE7B9B00B93E33 /* TBTExampleTests.m in Sources */ = {isa = PBXBuildFile; fileRef = 95871B2018DE7B9B00B93E33 /* TBTExampleTests.m */; };
/* End PBXBuildFile section */

/* Begin PBXContainerItemProxy section */
		95871B1818DE7B9B00B93E33 /* PBXContainerItemProxy */ = {
			isa = PBXContainerItemProxy;
			containerPortal = 95871AEA18DE7B9B00B93E33 /* Project object */;
			proxyType = 1;
			remoteGlobalIDString = 95871AF118DE7B9B00B93E33;
			remoteInfo = TBTExample;
		};
/* End PBXContainerItemProxy section */

/* Begin PBXFileReference section */
		9557073318DE7CF300542E88 /* CAKeyframeAnimation+TBTCustomEasingExtention.h */ = {isa = PBXFileReference; fileEncoding = 4; lastKnownFileType = sourcecode.c.h; path = "CAKeyframeAnimation+TBTCustomEasingExtention.h"; sourceTree = "<group>"; };
		9557073418DE7CF300542E88 /* CAKeyframeAnimation+TBTCustomEasingExtention.m */ = {isa = PBXFileReference; fileEncoding = 4; lastKnownFileType = sourcecode.c.objc; path = "CAKeyframeAnimation+TBTCustomEasingExtention.m"; sourceTree = "<group>"; };
		9557073518DE7CF300542E88 /* NSArray+TBTArray.h */ = {isa = PBXFileReference; fileEncoding = 4; lastKnownFileType = sourcecode.c.h; path = "NSArray+TBTArray.h"; sourceTree = "<group>"; };
		9557073618DE7CF300542E88 /* NSArray+TBTArray.m */ = {isa = PBXFileReference; fileEncoding = 4; lastKnownFileType = sourcecode.c.objc; path = "NSArray+TBTArray.m"; sourceTree = "<group>"; };
		9557073718DE7CF300542E88 /* NSArray+TBTNonObjectExtention.h */ = {isa = PBXFileReference; fileEncoding = 4; lastKnownFileType = sourcecode.c.h; path = "NSArray+TBTNonObjectExtention.h"; sourceTree = "<group>"; };
		9557073818DE7CF300542E88 /* NSArray+TBTNonObjectExtention.m */ = {isa = PBXFileReference; fileEncoding = 4; lastKnownFileType = sourcecode.c.objc; path = "NSArray+TBTNonObjectExtention.m"; sourceTree = "<group>"; };
		9557073918DE7CF300542E88 /* NSArray+TBTShuffle.h */ = {isa = PBXFileReference; fileEncoding = 4; lastKnownFileType = sourcecode.c.h; path = "NSArray+TBTShuffle.h"; sourceTree = "<group>"; };
		9557073A18DE7CF300542E88 /* NSArray+TBTShuffle.m */ = {isa = PBXFileReference; fileEncoding = 4; lastKnownFileType = sourcecode.c.objc; path = "NSArray+TBTShuffle.m"; sourceTree = "<group>"; };
		9557073B18DE7CF300542E88 /* NSDate+TBTDate.h */ = {isa = PBXFileReference; fileEncoding = 4; lastKnownFileType = sourcecode.c.h; path = "NSDate+TBTDate.h"; sourceTree = "<group>"; };
		9557073C18DE7CF300542E88 /* NSDate+TBTDate.m */ = {isa = PBXFileReference; fileEncoding = 4; lastKnownFileType = sourcecode.c.objc; path = "NSDate+TBTDate.m"; sourceTree = "<group>"; };
		9557073D18DE7CF300542E88 /* NSDictionary+TBTNonObjectExtention.h */ = {isa = PBXFileReference; fileEncoding = 4; lastKnownFileType = sourcecode.c.h; path = "NSDictionary+TBTNonObjectExtention.h"; sourceTree = "<group>"; };
		9557073E18DE7CF300542E88 /* NSDictionary+TBTNonObjectExtention.m */ = {isa = PBXFileReference; fileEncoding = 4; lastKnownFileType = sourcecode.c.objc; path = "NSDictionary+TBTNonObjectExtention.m"; sourceTree = "<group>"; };
		9557073F18DE7CF300542E88 /* NSMutableURLRequest+TBTPostRequestExtention.h */ = {isa = PBXFileReference; fileEncoding = 4; lastKnownFileType = sourcecode.c.h; path = "NSMutableURLRequest+TBTPostRequestExtention.h"; sourceTree = "<group>"; };
		9557074018DE7CF300542E88 /* NSMutableURLRequest+TBTPostRequestExtention.m */ = {isa = PBXFileReference; fileEncoding = 4; lastKnownFileType = sourcecode.c.objc; path = "NSMutableURLRequest+TBTPostRequestExtention.m"; sourceTree = "<group>"; };
		9557074118DE7CF300542E88 /* NSString+TBTString.h */ = {isa = PBXFileReference; fileEncoding = 4; lastKnownFileType = sourcecode.c.h; path = "NSString+TBTString.h"; sourceTree = "<group>"; };
		9557074218DE7CF300542E88 /* NSString+TBTString.m */ = {isa = PBXFileReference; fileEncoding = 4; lastKnownFileType = sourcecode.c.objc; path = "NSString+TBTString.m"; sourceTree = "<group>"; };
		9557074318DE7CF300542E88 /* NSURLConnection+TBTConnectionParameterExtention.h */ = {isa = PBXFileReference; fileEncoding = 4; lastKnownFileType = sourcecode.c.h; path = "NSURLConnection+TBTConnectionParameterExtention.h"; sourceTree = "<group>"; };
		9557074418DE7CF300542E88 /* NSURLConnection+TBTConnectionParameterExtention.m */ = {isa = PBXFileReference; fileEncoding = 4; lastKnownFileType = sourcecode.c.objc; path = "NSURLConnection+TBTConnectionParameterExtention.m"; sourceTree = "<group>"; };
		9557074518DE7CF300542E88 /* NSURLConnection+TBTDelegateProxyExtention.h */ = {isa = PBXFileReference; fileEncoding = 4; lastKnownFileType = sourcecode.c.h; path = "NSURLConnection+TBTDelegateProxyExtention.h"; sourceTree = "<group>"; };
		9557074618DE7CF300542E88 /* NSURLConnection+TBTDelegateProxyExtention.m */ = {isa = PBXFileReference; fileEncoding = 4; lastKnownFileType = sourcecode.c.objc; path = "NSURLConnection+TBTDelegateProxyExtention.m"; sourceTree = "<group>"; };
		9557074718DE7CF300542E88 /* NSURLRequest+TBTFaster.h */ = {isa = PBXFileReference; fileEncoding = 4; lastKnownFileType = sourcecode.c.h; path = "NSURLRequest+TBTFaster.h"; sourceTree = "<group>"; };
		9557074818DE7CF300542E88 /* NSURLRequest+TBTFaster.m */ = {isa = PBXFileReference; fileEncoding = 4; lastKnownFileType = sourcecode.c.objc; path = "NSURLRequest+TBTFaster.m"; sourceTree = "<group>"; };
		9557074918DE7CF300542E88 /* TBTCategories.h */ = {isa = PBXFileReference; fileEncoding = 4; lastKnownFileType = sourcecode.c.h; path = TBTCategories.h; sourceTree = "<group>"; };
		9557074A18DE7CF300542E88 /* UIAlertView+BlockExtention.m */ = {isa = PBXFileReference; fileEncoding = 4; lastKnownFileType = sourcecode.c.objc; path = "UIAlertView+BlockExtention.m"; sourceTree = "<group>"; };
		9557074B18DE7CF300542E88 /* UIAlertView+TBTTBTBlockExtention.h */ = {isa = PBXFileReference; fileEncoding = 4; lastKnownFileType = sourcecode.c.h; path = "UIAlertView+TBTTBTBlockExtention.h"; sourceTree = "<group>"; };
		9557074C18DE7CF300542E88 /* UIButton+TBTToggleExtention.h */ = {isa = PBXFileReference; fileEncoding = 4; lastKnownFileType = sourcecode.c.h; path = "UIButton+TBTToggleExtention.h"; sourceTree = "<group>"; };
		9557074D18DE7CF300542E88 /* UIButton+TBTToggleExtention.m */ = {isa = PBXFileReference; fileEncoding = 4; lastKnownFileType = sourcecode.c.objc; path = "UIButton+TBTToggleExtention.m"; sourceTree = "<group>"; };
		9557074E18DE7CF300542E88 /* UIColor+TBTFastExtention.h */ = {isa = PBXFileReference; fileEncoding = 4; lastKnownFileType = sourcecode.c.h; path = "UIColor+TBTFastExtention.h"; sourceTree = "<group>"; };
		9557074F18DE7CF300542E88 /* UIColor+TBTFastExtention.m */ = {isa = PBXFileReference; fileEncoding = 4; lastKnownFileType = sourcecode.c.objc; path = "UIColor+TBTFastExtention.m"; sourceTree = "<group>"; };
		9557075018DE7CF300542E88 /* UILabel+TBTLabelExtend.h */ = {isa = PBXFileReference; fileEncoding = 4; lastKnownFileType = sourcecode.c.h; path = "UILabel+TBTLabelExtend.h"; sourceTree = "<group>"; };
		9557075118DE7CF300542E88 /* UILabel+TBTLabelExtend.m */ = {isa = PBXFileReference; fileEncoding = 4; lastKnownFileType = sourcecode.c.objc; path = "UILabel+TBTLabelExtend.m"; sourceTree = "<group>"; };
		9557075218DE7CF300542E88 /* UIResponder+TBTAppDelegateExtention.h */ = {isa = PBXFileReference; fileEncoding = 4; lastKnownFileType = sourcecode.c.h; path = "UIResponder+TBTAppDelegateExtention.h"; sourceTree = "<group>"; };
		9557075318DE7CF300542E88 /* UIResponder+TBTAppDelegateExtention.m */ = {isa = PBXFileReference; fileEncoding = 4; lastKnownFileType = sourcecode.c.objc; path = "UIResponder+TBTAppDelegateExtention.m"; sourceTree = "<group>"; };
		9557075418DE7CF300542E88 /* UIScrollView+TBTTiledImageExtention.h */ = {isa = PBXFileReference; fileEncoding = 4; lastKnownFileType = sourcecode.c.h; path = "UIScrollView+TBTTiledImageExtention.h"; sourceTree = "<group>"; };
		9557075518DE7CF300542E88 /* UIScrollView+TBTTiledImageExtention.m */ = {isa = PBXFileReference; fileEncoding = 4; lastKnownFileType = sourcecode.c.objc; path = "UIScrollView+TBTTiledImageExtention.m"; sourceTree = "<group>"; };
		9557075618DE7CF300542E88 /* UIScrollView+TBTZoomingExtention.h */ = {isa = PBXFileReference; fileEncoding = 4; lastKnownFileType = sourcecode.c.h; path = "UIScrollView+TBTZoomingExtention.h"; sourceTree = "<group>"; };
		9557075718DE7CF300542E88 /* UIScrollView+TBTZoomingExtention.m */ = {isa = PBXFileReference; fileEncoding = 4; lastKnownFileType = sourcecode.c.objc; path = "UIScrollView+TBTZoomingExtention.m"; sourceTree = "<group>"; };
		9557075818DE7CF300542E88 /* UIView+TBTAnimationExtention.h */ = {isa = PBXFileReference; fileEncoding = 4; lastKnownFileType = sourcecode.c.h; path = "UIView+TBTAnimationExtention.h"; sourceTree = "<group>"; };
		9557075918DE7CF300542E88 /* UIView+TBTAnimationExtention.m */ = {isa = PBXFileReference; fileEncoding = 4; lastKnownFileType = sourcecode.c.objc; path = "UIView+TBTAnimationExtention.m"; sourceTree = "<group>"; };
		9557075A18DE7CF300542E88 /* UIView+TBTCoreGraphicsExtention.h */ = {isa = PBXFileReference; fileEncoding = 4; lastKnownFileType = sourcecode.c.h; path = "UIView+TBTCoreGraphicsExtention.h"; sourceTree = "<group>"; };
		9557075B18DE7CF300542E88 /* UIView+TBTCoreGraphicsExtention.m */ = {isa = PBXFileReference; fileEncoding = 4; lastKnownFileType = sourcecode.c.objc; path = "UIView+TBTCoreGraphicsExtention.m"; sourceTree = "<group>"; };
		9557075C18DE7CF300542E88 /* UIView+TBTDebugExtention.h */ = {isa = PBXFileReference; fileEncoding = 4; lastKnownFileType = sourcecode.c.h; path = "UIView+TBTDebugExtention.h"; sourceTree = "<group>"; };
		9557075D18DE7CF300542E88 /* UIView+TBTDebugExtention.m */ = {isa = PBXFileReference; fileEncoding = 4; lastKnownFileType = sourcecode.c.objc; path = "UIView+TBTDebugExtention.m"; sourceTree = "<group>"; };
		9557075E18DE7CF300542E88 /* UIView+TBTProperyExtention.h */ = {isa = PBXFileReference; fileEncoding = 4; lastKnownFileType = sourcecode.c.h; path = "UIView+TBTProperyExtention.h"; sourceTree = "<group>"; };
		9557075F18DE7CF300542E88 /* UIView+TBTProperyExtention.m */ = {isa = PBXFileReference; fileEncoding = 4; lastKnownFileType = sourcecode.c.objc; path = "UIView+TBTProperyExtention.m"; sourceTree = "<group>"; };
		9557076018DE7CF300542E88 /* UIViewController+TBTRapidWriteExtention.h */ = {isa = PBXFileReference; fileEncoding = 4; lastKnownFileType = sourcecode.c.h; path = "UIViewController+TBTRapidWriteExtention.h"; sourceTree = "<group>"; };
		9557076118DE7CF300542E88 /* UIViewController+TBTRapidWriteExtention.m */ = {isa = PBXFileReference; fileEncoding = 4; lastKnownFileType = sourcecode.c.objc; path = "UIViewController+TBTRapidWriteExtention.m"; sourceTree = "<group>"; };
		9557076318DE7CF300542E88 /* TBTAlertViewBlock.h */ = {isa = PBXFileReference; fileEncoding = 4; lastKnownFileType = sourcecode.c.h; path = TBTAlertViewBlock.h; sourceTree = "<group>"; };
		9557076418DE7CF300542E88 /* TBTAlertViewBlock.m */ = {isa = PBXFileReference; fileEncoding = 4; lastKnownFileType = sourcecode.c.objc; path = TBTAlertViewBlock.m; sourceTree = "<group>"; };
		9557076518DE7CF300542E88 /* TBTCGExtend.h */ = {isa = PBXFileReference; fileEncoding = 4; lastKnownFileType = sourcecode.c.h; path = TBTCGExtend.h; sourceTree = "<group>"; };
		9557076618DE7CF300542E88 /* TBTCGExtend.m */ = {isa = PBXFileReference; fileEncoding = 4; lastKnownFileType = sourcecode.c.objc; path = TBTCGExtend.m; sourceTree = "<group>"; };
		9557076718DE7CF300542E88 /* TBTHTTPRequest.h */ = {isa = PBXFileReference; fileEncoding = 4; lastKnownFileType = sourcecode.c.h; path = TBTHTTPRequest.h; sourceTree = "<group>"; };
		9557076818DE7CF300542E88 /* TBTHTTPRequest.m */ = {isa = PBXFileReference; fileEncoding = 4; lastKnownFileType = sourcecode.c.objc; path = TBTHTTPRequest.m; sourceTree = "<group>"; };
		9557076918DE7CF300542E88 /* TBTLogger.h */ = {isa = PBXFileReference; fileEncoding = 4; lastKnownFileType = sourcecode.c.h; path = TBTLogger.h; sourceTree = "<group>"; };
		9557076A18DE7CF300542E88 /* TBToaster.h */ = {isa = PBXFileReference; fileEncoding = 4; lastKnownFileType = sourcecode.c.h; path = TBToaster.h; sourceTree = "<group>"; };
		9557076B18DE7CF300542E88 /* TBToaster.m */ = {isa = PBXFileReference; fileEncoding = 4; lastKnownFileType = sourcecode.c.objc; path = TBToaster.m; sourceTree = "<group>"; };
		9557076C18DE7CF300542E88 /* TBTRapid.h */ = {isa = PBXFileReference; fileEncoding = 4; lastKnownFileType = sourcecode.c.h; path = TBTRapid.h; sourceTree = "<group>"; };
		9557076D18DE7CF300542E88 /* TBTSingletonBase.h */ = {isa = PBXFileReference; fileEncoding = 4; lastKnownFileType = sourcecode.c.h; path = TBTSingletonBase.h; sourceTree = "<group>"; };
		9557076E18DE7CF300542E88 /* TBTSingletonBase.m */ = {isa = PBXFileReference; fileEncoding = 4; lastKnownFileType = sourcecode.c.objc; path = TBTSingletonBase.m; sourceTree = "<group>"; };
		9557076F18DE7CF300542E88 /* TBTSingletonMacro.h */ = {isa = PBXFileReference; fileEncoding = 4; lastKnownFileType = sourcecode.c.h; path = TBTSingletonMacro.h; sourceTree = "<group>"; };
		9557077018DE7CF300542E88 /* TBTUtilities.h */ = {isa = PBXFileReference; fileEncoding = 4; lastKnownFileType = sourcecode.c.h; path = TBTUtilities.h; sourceTree = "<group>"; };
		9557077118DE7CF300542E88 /* TBTVector.c */ = {isa = PBXFileReference; fileEncoding = 4; lastKnownFileType = sourcecode.c.c; path = TBTVector.c; sourceTree = "<group>"; };
		9557077218DE7CF300542E88 /* TBTVector.h */ = {isa = PBXFileReference; fileEncoding = 4; lastKnownFileType = sourcecode.c.h; path = TBTVector.h; sourceTree = "<group>"; };
		95871AF218DE7B9B00B93E33 /* TBTExample.app */ = {isa = PBXFileReference; explicitFileType = wrapper.application; includeInIndex = 0; path = TBTExample.app; sourceTree = BUILT_PRODUCTS_DIR; };
		95871AF518DE7B9B00B93E33 /* Foundation.framework */ = {isa = PBXFileReference; lastKnownFileType = wrapper.framework; name = Foundation.framework; path = System/Library/Frameworks/Foundation.framework; sourceTree = SDKROOT; };
		95871AF718DE7B9B00B93E33 /* CoreGraphics.framework */ = {isa = PBXFileReference; lastKnownFileType = wrapper.framework; name = CoreGraphics.framework; path = System/Library/Frameworks/CoreGraphics.framework; sourceTree = SDKROOT; };
		95871AF918DE7B9B00B93E33 /* UIKit.framework */ = {isa = PBXFileReference; lastKnownFileType = wrapper.framework; name = UIKit.framework; path = System/Library/Frameworks/UIKit.framework; sourceTree = SDKROOT; };
		95871AFD18DE7B9B00B93E33 /* TBTExample-Info.plist */ = {isa = PBXFileReference; lastKnownFileType = text.plist.xml; path = "TBTExample-Info.plist"; sourceTree = "<group>"; };
		95871AFF18DE7B9B00B93E33 /* en */ = {isa = PBXFileReference; lastKnownFileType = text.plist.strings; name = en; path = en.lproj/InfoPlist.strings; sourceTree = "<group>"; };
		95871B0118DE7B9B00B93E33 /* main.m */ = {isa = PBXFileReference; lastKnownFileType = sourcecode.c.objc; path = main.m; sourceTree = "<group>"; };
		95871B0318DE7B9B00B93E33 /* TBTExample-Prefix.pch */ = {isa = PBXFileReference; lastKnownFileType = sourcecode.c.h; path = "TBTExample-Prefix.pch"; sourceTree = "<group>"; };
		95871B0418DE7B9B00B93E33 /* AppDelegate.h */ = {isa = PBXFileReference; lastKnownFileType = sourcecode.c.h; path = AppDelegate.h; sourceTree = "<group>"; };
		95871B0518DE7B9B00B93E33 /* AppDelegate.m */ = {isa = PBXFileReference; lastKnownFileType = sourcecode.c.objc; path = AppDelegate.m; sourceTree = "<group>"; };
		95871B0818DE7B9B00B93E33 /* Base */ = {isa = PBXFileReference; lastKnownFileType = file.storyboard; name = Base; path = Base.lproj/Main.storyboard; sourceTree = "<group>"; };
		95871B0A18DE7B9B00B93E33 /* ViewController.h */ = {isa = PBXFileReference; lastKnownFileType = sourcecode.c.h; path = ViewController.h; sourceTree = "<group>"; };
		95871B0B18DE7B9B00B93E33 /* ViewController.m */ = {isa = PBXFileReference; lastKnownFileType = sourcecode.c.objc; path = ViewController.m; sourceTree = "<group>"; };
		95871B0D18DE7B9B00B93E33 /* Images.xcassets */ = {isa = PBXFileReference; lastKnownFileType = folder.assetcatalog; path = Images.xcassets; sourceTree = "<group>"; };
		95871B1318DE7B9B00B93E33 /* TBTExampleTests.xctest */ = {isa = PBXFileReference; explicitFileType = wrapper.cfbundle; includeInIndex = 0; path = TBTExampleTests.xctest; sourceTree = BUILT_PRODUCTS_DIR; };
		95871B1418DE7B9B00B93E33 /* XCTest.framework */ = {isa = PBXFileReference; lastKnownFileType = wrapper.framework; name = XCTest.framework; path = Library/Frameworks/XCTest.framework; sourceTree = DEVELOPER_DIR; };
		95871B1C18DE7B9B00B93E33 /* TBTExampleTests-Info.plist */ = {isa = PBXFileReference; lastKnownFileType = text.plist.xml; path = "TBTExampleTests-Info.plist"; sourceTree = "<group>"; };
		95871B1E18DE7B9B00B93E33 /* en */ = {isa = PBXFileReference; lastKnownFileType = text.plist.strings; name = en; path = en.lproj/InfoPlist.strings; sourceTree = "<group>"; };
		95871B2018DE7B9B00B93E33 /* TBTExampleTests.m */ = {isa = PBXFileReference; lastKnownFileType = sourcecode.c.objc; path = TBTExampleTests.m; sourceTree = "<group>"; };
/* End PBXFileReference section */

/* Begin PBXFrameworksBuildPhase section */
		95871AEF18DE7B9B00B93E33 /* Frameworks */ = {
			isa = PBXFrameworksBuildPhase;
			buildActionMask = 2147483647;
			files = (
				95871AF818DE7B9B00B93E33 /* CoreGraphics.framework in Frameworks */,
				95871AFA18DE7B9B00B93E33 /* UIKit.framework in Frameworks */,
				95871AF618DE7B9B00B93E33 /* Foundation.framework in Frameworks */,
			);
			runOnlyForDeploymentPostprocessing = 0;
		};
		95871B1018DE7B9B00B93E33 /* Frameworks */ = {
			isa = PBXFrameworksBuildPhase;
			buildActionMask = 2147483647;
			files = (
				95871B1518DE7B9B00B93E33 /* XCTest.framework in Frameworks */,
				95871B1718DE7B9B00B93E33 /* UIKit.framework in Frameworks */,
				95871B1618DE7B9B00B93E33 /* Foundation.framework in Frameworks */,
			);
			runOnlyForDeploymentPostprocessing = 0;
		};
/* End PBXFrameworksBuildPhase section */

/* Begin PBXGroup section */
		9557073218DE7CF300542E88 /* Categories */ = {
			isa = PBXGroup;
			children = (
				9557073318DE7CF300542E88 /* CAKeyframeAnimation+TBTCustomEasingExtention.h */,
				9557073418DE7CF300542E88 /* CAKeyframeAnimation+TBTCustomEasingExtention.m */,
				9557073518DE7CF300542E88 /* NSArray+TBTArray.h */,
				9557073618DE7CF300542E88 /* NSArray+TBTArray.m */,
				9557073718DE7CF300542E88 /* NSArray+TBTNonObjectExtention.h */,
				9557073818DE7CF300542E88 /* NSArray+TBTNonObjectExtention.m */,
				9557073918DE7CF300542E88 /* NSArray+TBTShuffle.h */,
				9557073A18DE7CF300542E88 /* NSArray+TBTShuffle.m */,
				9557073B18DE7CF300542E88 /* NSDate+TBTDate.h */,
				9557073C18DE7CF300542E88 /* NSDate+TBTDate.m */,
				9557073D18DE7CF300542E88 /* NSDictionary+TBTNonObjectExtention.h */,
				9557073E18DE7CF300542E88 /* NSDictionary+TBTNonObjectExtention.m */,
				9557073F18DE7CF300542E88 /* NSMutableURLRequest+TBTPostRequestExtention.h */,
				9557074018DE7CF300542E88 /* NSMutableURLRequest+TBTPostRequestExtention.m */,
				9557074118DE7CF300542E88 /* NSString+TBTString.h */,
				9557074218DE7CF300542E88 /* NSString+TBTString.m */,
				9557074318DE7CF300542E88 /* NSURLConnection+TBTConnectionParameterExtention.h */,
				9557074418DE7CF300542E88 /* NSURLConnection+TBTConnectionParameterExtention.m */,
				9557074518DE7CF300542E88 /* NSURLConnection+TBTDelegateProxyExtention.h */,
				9557074618DE7CF300542E88 /* NSURLConnection+TBTDelegateProxyExtention.m */,
				9557074718DE7CF300542E88 /* NSURLRequest+TBTFaster.h */,
				9557074818DE7CF300542E88 /* NSURLRequest+TBTFaster.m */,
				9557074918DE7CF300542E88 /* TBTCategories.h */,
				9557074A18DE7CF300542E88 /* UIAlertView+BlockExtention.m */,
				9557074B18DE7CF300542E88 /* UIAlertView+TBTTBTBlockExtention.h */,
				9557074C18DE7CF300542E88 /* UIButton+TBTToggleExtention.h */,
				9557074D18DE7CF300542E88 /* UIButton+TBTToggleExtention.m */,
				9557074E18DE7CF300542E88 /* UIColor+TBTFastExtention.h */,
				9557074F18DE7CF300542E88 /* UIColor+TBTFastExtention.m */,
				9557075018DE7CF300542E88 /* UILabel+TBTLabelExtend.h */,
				9557075118DE7CF300542E88 /* UILabel+TBTLabelExtend.m */,
				9557075218DE7CF300542E88 /* UIResponder+TBTAppDelegateExtention.h */,
				9557075318DE7CF300542E88 /* UIResponder+TBTAppDelegateExtention.m */,
				9557075418DE7CF300542E88 /* UIScrollView+TBTTiledImageExtention.h */,
				9557075518DE7CF300542E88 /* UIScrollView+TBTTiledImageExtention.m */,
				9557075618DE7CF300542E88 /* UIScrollView+TBTZoomingExtention.h */,
				9557075718DE7CF300542E88 /* UIScrollView+TBTZoomingExtention.m */,
				9557075818DE7CF300542E88 /* UIView+TBTAnimationExtention.h */,
				9557075918DE7CF300542E88 /* UIView+TBTAnimationExtention.m */,
				9557075A18DE7CF300542E88 /* UIView+TBTCoreGraphicsExtention.h */,
				9557075B18DE7CF300542E88 /* UIView+TBTCoreGraphicsExtention.m */,
				9557075C18DE7CF300542E88 /* UIView+TBTDebugExtention.h */,
				9557075D18DE7CF300542E88 /* UIView+TBTDebugExtention.m */,
				9557075E18DE7CF300542E88 /* UIView+TBTProperyExtention.h */,
				9557075F18DE7CF300542E88 /* UIView+TBTProperyExtention.m */,
				9557076018DE7CF300542E88 /* UIViewController+TBTRapidWriteExtention.h */,
				9557076118DE7CF300542E88 /* UIViewController+TBTRapidWriteExtention.m */,
			);
			name = Categories;
			path = ../../../Categories;
			sourceTree = "<group>";
		};
		9557076218DE7CF300542E88 /* Utilities */ = {
			isa = PBXGroup;
			children = (
				9557076318DE7CF300542E88 /* TBTAlertViewBlock.h */,
				9557076418DE7CF300542E88 /* TBTAlertViewBlock.m */,
				9557076518DE7CF300542E88 /* TBTCGExtend.h */,
				9557076618DE7CF300542E88 /* TBTCGExtend.m */,
				9557076718DE7CF300542E88 /* TBTHTTPRequest.h */,
				9557076818DE7CF300542E88 /* TBTHTTPRequest.m */,
				9557076918DE7CF300542E88 /* TBTLogger.h */,
				9557076A18DE7CF300542E88 /* TBToaster.h */,
				9557076B18DE7CF300542E88 /* TBToaster.m */,
				9557076C18DE7CF300542E88 /* TBTRapid.h */,
				9557076D18DE7CF300542E88 /* TBTSingletonBase.h */,
				9557076E18DE7CF300542E88 /* TBTSingletonBase.m */,
				9557076F18DE7CF300542E88 /* TBTSingletonMacro.h */,
				9557077018DE7CF300542E88 /* TBTUtilities.h */,
				9557077118DE7CF300542E88 /* TBTVector.c */,
				9557077218DE7CF300542E88 /* TBTVector.h */,
			);
			name = Utilities;
			path = ../../../Utilities;
			sourceTree = "<group>";
		};
		95871AE918DE7B9B00B93E33 = {
			isa = PBXGroup;
			children = (
				95871AFB18DE7B9B00B93E33 /* TBTExample */,
				95871B1A18DE7B9B00B93E33 /* TBTExampleTests */,
				95871AF418DE7B9B00B93E33 /* Frameworks */,
				95871AF318DE7B9B00B93E33 /* Products */,
			);
			sourceTree = "<group>";
		};
		95871AF318DE7B9B00B93E33 /* Products */ = {
			isa = PBXGroup;
			children = (
				95871AF218DE7B9B00B93E33 /* TBTExample.app */,
				95871B1318DE7B9B00B93E33 /* TBTExampleTests.xctest */,
			);
			name = Products;
			sourceTree = "<group>";
		};
		95871AF418DE7B9B00B93E33 /* Frameworks */ = {
			isa = PBXGroup;
			children = (
				95871AF518DE7B9B00B93E33 /* Foundation.framework */,
				95871AF718DE7B9B00B93E33 /* CoreGraphics.framework */,
				95871AF918DE7B9B00B93E33 /* UIKit.framework */,
				95871B1418DE7B9B00B93E33 /* XCTest.framework */,
			);
			name = Frameworks;
			sourceTree = "<group>";
		};
		95871AFB18DE7B9B00B93E33 /* TBTExample */ = {
			isa = PBXGroup;
			children = (
				95871B0418DE7B9B00B93E33 /* AppDelegate.h */,
				95871B0518DE7B9B00B93E33 /* AppDelegate.m */,
				95871B0718DE7B9B00B93E33 /* Main.storyboard */,
				95871B0A18DE7B9B00B93E33 /* ViewController.h */,
				95871B0B18DE7B9B00B93E33 /* ViewController.m */,
				95871B2A18DE7BAA00B93E33 /* TBT */,
				95871B0D18DE7B9B00B93E33 /* Images.xcassets */,
				95871AFC18DE7B9B00B93E33 /* Supporting Files */,
			);
			path = TBTExample;
			sourceTree = "<group>";
		};
		95871AFC18DE7B9B00B93E33 /* Supporting Files */ = {
			isa = PBXGroup;
			children = (
				95871AFD18DE7B9B00B93E33 /* TBTExample-Info.plist */,
				95871AFE18DE7B9B00B93E33 /* InfoPlist.strings */,
				95871B0118DE7B9B00B93E33 /* main.m */,
				95871B0318DE7B9B00B93E33 /* TBTExample-Prefix.pch */,
			);
			name = "Supporting Files";
			sourceTree = "<group>";
		};
		95871B1A18DE7B9B00B93E33 /* TBTExampleTests */ = {
			isa = PBXGroup;
			children = (
				95871B2018DE7B9B00B93E33 /* TBTExampleTests.m */,
				95871B1B18DE7B9B00B93E33 /* Supporting Files */,
			);
			path = TBTExampleTests;
			sourceTree = "<group>";
		};
		95871B1B18DE7B9B00B93E33 /* Supporting Files */ = {
			isa = PBXGroup;
			children = (
				95871B1C18DE7B9B00B93E33 /* TBTExampleTests-Info.plist */,
				95871B1D18DE7B9B00B93E33 /* InfoPlist.strings */,
			);
			name = "Supporting Files";
			sourceTree = "<group>";
		};
		95871B2A18DE7BAA00B93E33 /* TBT */ = {
			isa = PBXGroup;
			children = (
				9557073218DE7CF300542E88 /* Categories */,
				9557076218DE7CF300542E88 /* Utilities */,
			);
			name = TBT;
			sourceTree = "<group>";
		};
/* End PBXGroup section */

/* Begin PBXNativeTarget section */
		95871AF118DE7B9B00B93E33 /* TBTExample */ = {
			isa = PBXNativeTarget;
			buildConfigurationList = 95871B2418DE7B9B00B93E33 /* Build configuration list for PBXNativeTarget "TBTExample" */;
			buildPhases = (
				95871AEE18DE7B9B00B93E33 /* Sources */,
				95871AEF18DE7B9B00B93E33 /* Frameworks */,
				95871AF018DE7B9B00B93E33 /* Resources */,
			);
			buildRules = (
			);
			dependencies = (
			);
			name = TBTExample;
			productName = TBTExample;
			productReference = 95871AF218DE7B9B00B93E33 /* TBTExample.app */;
			productType = "com.apple.product-type.application";
		};
		95871B1218DE7B9B00B93E33 /* TBTExampleTests */ = {
			isa = PBXNativeTarget;
			buildConfigurationList = 95871B2718DE7B9B00B93E33 /* Build configuration list for PBXNativeTarget "TBTExampleTests" */;
			buildPhases = (
				95871B0F18DE7B9B00B93E33 /* Sources */,
				95871B1018DE7B9B00B93E33 /* Frameworks */,
				95871B1118DE7B9B00B93E33 /* Resources */,
			);
			buildRules = (
			);
			dependencies = (
				95871B1918DE7B9B00B93E33 /* PBXTargetDependency */,
			);
			name = TBTExampleTests;
			productName = TBTExampleTests;
			productReference = 95871B1318DE7B9B00B93E33 /* TBTExampleTests.xctest */;
			productType = "com.apple.product-type.bundle.unit-test";
		};
/* End PBXNativeTarget section */

/* Begin PBXProject section */
		95871AEA18DE7B9B00B93E33 /* Project object */ = {
			isa = PBXProject;
			attributes = {
				LastUpgradeCheck = 0510;
				ORGANIZATIONNAME = "buffer Renaiss";
				TargetAttributes = {
					95871B1218DE7B9B00B93E33 = {
						TestTargetID = 95871AF118DE7B9B00B93E33;
					};
				};
			};
			buildConfigurationList = 95871AED18DE7B9B00B93E33 /* Build configuration list for PBXProject "TBTExample" */;
			compatibilityVersion = "Xcode 3.2";
			developmentRegion = English;
			hasScannedForEncodings = 0;
			knownRegions = (
				en,
				Base,
			);
			mainGroup = 95871AE918DE7B9B00B93E33;
			productRefGroup = 95871AF318DE7B9B00B93E33 /* Products */;
			projectDirPath = "";
			projectRoot = "";
			targets = (
				95871AF118DE7B9B00B93E33 /* TBTExample */,
				95871B1218DE7B9B00B93E33 /* TBTExampleTests */,
			);
		};
/* End PBXProject section */

/* Begin PBXResourcesBuildPhase section */
		95871AF018DE7B9B00B93E33 /* Resources */ = {
			isa = PBXResourcesBuildPhase;
			buildActionMask = 2147483647;
			files = (
				95871B0E18DE7B9B00B93E33 /* Images.xcassets in Resources */,
				95871B0018DE7B9B00B93E33 /* InfoPlist.strings in Resources */,
				95871B0918DE7B9B00B93E33 /* Main.storyboard in Resources */,
			);
			runOnlyForDeploymentPostprocessing = 0;
		};
		95871B1118DE7B9B00B93E33 /* Resources */ = {
			isa = PBXResourcesBuildPhase;
			buildActionMask = 2147483647;
			files = (
				95871B1F18DE7B9B00B93E33 /* InfoPlist.strings in Resources */,
			);
			runOnlyForDeploymentPostprocessing = 0;
		};
/* End PBXResourcesBuildPhase section */

/* Begin PBXSourcesBuildPhase section */
		95871AEE18DE7B9B00B93E33 /* Sources */ = {
			isa = PBXSourcesBuildPhase;
			buildActionMask = 2147483647;
			files = (
				9557078B18DE7CF300542E88 /* TBTCGExtend.m in Sources */,
				9557078718DE7CF300542E88 /* UIView+TBTDebugExtention.m in Sources */,
				95871B0C18DE7B9B00B93E33 /* ViewController.m in Sources */,
				9557077818DE7CF300542E88 /* NSDictionary+TBTNonObjectExtention.m in Sources */,
				9557078918DE7CF300542E88 /* UIViewController+TBTRapidWriteExtention.m in Sources */,
				9557077618DE7CF300542E88 /* NSArray+TBTShuffle.m in Sources */,
				9557077A18DE7CF300542E88 /* NSString+TBTString.m in Sources */,
				9557077D18DE7CF300542E88 /* NSURLRequest+TBTFaster.m in Sources */,
				9557078A18DE7CF300542E88 /* TBTAlertViewBlock.m in Sources */,
				9557078218DE7CF300542E88 /* UIResponder+TBTAppDelegateExtention.m in Sources */,
				9557077B18DE7CF300542E88 /* NSURLConnection+TBTConnectionParameterExtention.m in Sources */,
				9557078418DE7CF300542E88 /* UIScrollView+TBTZoomingExtention.m in Sources */,
				9557078D18DE7CF300542E88 /* TBToaster.m in Sources */,
				9557078E18DE7CF300542E88 /* TBTSingletonBase.m in Sources */,
				9557077918DE7CF300542E88 /* NSMutableURLRequest+TBTPostRequestExtention.m in Sources */,
				9557077F18DE7CF300542E88 /* UIButton+TBTToggleExtention.m in Sources */,
				9557078118DE7CF300542E88 /* UILabel+TBTLabelExtend.m in Sources */,
				9557078618DE7CF300542E88 /* UIView+TBTCoreGraphicsExtention.m in Sources */,
				9557077C18DE7CF300542E88 /* NSURLConnection+TBTDelegateProxyExtention.m in Sources */,
				9557077518DE7CF300542E88 /* NSArray+TBTNonObjectExtention.m in Sources */,
				9557078C18DE7CF300542E88 /* TBTHTTPRequest.m in Sources */,
				9557077E18DE7CF300542E88 /* UIAlertView+BlockExtention.m in Sources */,
				95871B0618DE7B9B00B93E33 /* AppDelegate.m in Sources */,
				9557078818DE7CF300542E88 /* UIView+TBTProperyExtention.m in Sources */,
				9557078518DE7CF300542E88 /* UIView+TBTAnimationExtention.m in Sources */,
				9557078F18DE7CF300542E88 /* TBTVector.c in Sources */,
				9557077318DE7CF300542E88 /* CAKeyframeAnimation+TBTCustomEasingExtention.m in Sources */,
				9557078018DE7CF300542E88 /* UIColor+TBTFastExtention.m in Sources */,
				9557078318DE7CF300542E88 /* UIScrollView+TBTTiledImageExtention.m in Sources */,
				9557077718DE7CF300542E88 /* NSDate+TBTDate.m in Sources */,
				9557077418DE7CF300542E88 /* NSArray+TBTArray.m in Sources */,
				95871B0218DE7B9B00B93E33 /* main.m in Sources */,
			);
			runOnlyForDeploymentPostprocessing = 0;
		};
		95871B0F18DE7B9B00B93E33 /* Sources */ = {
			isa = PBXSourcesBuildPhase;
			buildActionMask = 2147483647;
			files = (
				95871B2118DE7B9B00B93E33 /* TBTExampleTests.m in Sources */,
			);
			runOnlyForDeploymentPostprocessing = 0;
		};
/* End PBXSourcesBuildPhase section */

/* Begin PBXTargetDependency section */
		95871B1918DE7B9B00B93E33 /* PBXTargetDependency */ = {
			isa = PBXTargetDependency;
			target = 95871AF118DE7B9B00B93E33 /* TBTExample */;
			targetProxy = 95871B1818DE7B9B00B93E33 /* PBXContainerItemProxy */;
		};
/* End PBXTargetDependency section */

/* Begin PBXVariantGroup section */
		95871AFE18DE7B9B00B93E33 /* InfoPlist.strings */ = {
			isa = PBXVariantGroup;
			children = (
				95871AFF18DE7B9B00B93E33 /* en */,
			);
			name = InfoPlist.strings;
			sourceTree = "<group>";
		};
		95871B0718DE7B9B00B93E33 /* Main.storyboard */ = {
			isa = PBXVariantGroup;
			children = (
				95871B0818DE7B9B00B93E33 /* Base */,
			);
			name = Main.storyboard;
			sourceTree = "<group>";
		};
		95871B1D18DE7B9B00B93E33 /* InfoPlist.strings */ = {
			isa = PBXVariantGroup;
			children = (
				95871B1E18DE7B9B00B93E33 /* en */,
			);
			name = InfoPlist.strings;
			sourceTree = "<group>";
		};
/* End PBXVariantGroup section */

/* Begin XCBuildConfiguration section */
		95871B2218DE7B9B00B93E33 /* Debug */ = {
			isa = XCBuildConfiguration;
			buildSettings = {
				ALWAYS_SEARCH_USER_PATHS = NO;
				CLANG_CXX_LANGUAGE_STANDARD = "gnu++0x";
				CLANG_CXX_LIBRARY = "libc++";
				CLANG_ENABLE_MODULES = YES;
				CLANG_ENABLE_OBJC_ARC = YES;
				CLANG_WARN_BOOL_CONVERSION = YES;
				CLANG_WARN_CONSTANT_CONVERSION = YES;
				CLANG_WARN_DIRECT_OBJC_ISA_USAGE = YES_ERROR;
				CLANG_WARN_EMPTY_BODY = YES;
				CLANG_WARN_ENUM_CONVERSION = YES;
				CLANG_WARN_INT_CONVERSION = YES;
				CLANG_WARN_OBJC_ROOT_CLASS = YES_ERROR;
				CLANG_WARN__DUPLICATE_METHOD_MATCH = YES;
				"CODE_SIGN_IDENTITY[sdk=iphoneos*]" = "iPhone Developer";
				COPY_PHASE_STRIP = NO;
				GCC_C_LANGUAGE_STANDARD = gnu99;
				GCC_DYNAMIC_NO_PIC = NO;
				GCC_OPTIMIZATION_LEVEL = 0;
				GCC_PREPROCESSOR_DEFINITIONS = (
					"DEBUG=1",
					"$(inherited)",
				);
				GCC_SYMBOLS_PRIVATE_EXTERN = NO;
				GCC_WARN_64_TO_32_BIT_CONVERSION = YES;
				GCC_WARN_ABOUT_RETURN_TYPE = YES_ERROR;
				GCC_WARN_UNDECLARED_SELECTOR = YES;
				GCC_WARN_UNINITIALIZED_AUTOS = YES_AGGRESSIVE;
				GCC_WARN_UNUSED_FUNCTION = YES;
				GCC_WARN_UNUSED_VARIABLE = YES;
				IPHONEOS_DEPLOYMENT_TARGET = 7.1;
				ONLY_ACTIVE_ARCH = YES;
				SDKROOT = iphoneos;
			};
			name = Debug;
		};
		95871B2318DE7B9B00B93E33 /* Release */ = {
			isa = XCBuildConfiguration;
			buildSettings = {
				ALWAYS_SEARCH_USER_PATHS = NO;
				CLANG_CXX_LANGUAGE_STANDARD = "gnu++0x";
				CLANG_CXX_LIBRARY = "libc++";
				CLANG_ENABLE_MODULES = YES;
				CLANG_ENABLE_OBJC_ARC = YES;
				CLANG_WARN_BOOL_CONVERSION = YES;
				CLANG_WARN_CONSTANT_CONVERSION = YES;
				CLANG_WARN_DIRECT_OBJC_ISA_USAGE = YES_ERROR;
				CLANG_WARN_EMPTY_BODY = YES;
				CLANG_WARN_ENUM_CONVERSION = YES;
				CLANG_WARN_INT_CONVERSION = YES;
				CLANG_WARN_OBJC_ROOT_CLASS = YES_ERROR;
				CLANG_WARN__DUPLICATE_METHOD_MATCH = YES;
				"CODE_SIGN_IDENTITY[sdk=iphoneos*]" = "iPhone Developer";
				COPY_PHASE_STRIP = YES;
				ENABLE_NS_ASSERTIONS = NO;
				GCC_C_LANGUAGE_STANDARD = gnu99;
				GCC_WARN_64_TO_32_BIT_CONVERSION = YES;
				GCC_WARN_ABOUT_RETURN_TYPE = YES_ERROR;
				GCC_WARN_UNDECLARED_SELECTOR = YES;
				GCC_WARN_UNINITIALIZED_AUTOS = YES_AGGRESSIVE;
				GCC_WARN_UNUSED_FUNCTION = YES;
				GCC_WARN_UNUSED_VARIABLE = YES;
				IPHONEOS_DEPLOYMENT_TARGET = 7.1;
				SDKROOT = iphoneos;
				VALIDATE_PRODUCT = YES;
			};
			name = Release;
		};
		95871B2518DE7B9B00B93E33 /* Debug */ = {
			isa = XCBuildConfiguration;
			buildSettings = {
				ASSETCATALOG_COMPILER_APPICON_NAME = AppIcon;
				ASSETCATALOG_COMPILER_LAUNCHIMAGE_NAME = LaunchImage;
				GCC_PRECOMPILE_PREFIX_HEADER = YES;
				GCC_PREFIX_HEADER = "TBTExample/TBTExample-Prefix.pch";
				INFOPLIST_FILE = "TBTExample/TBTExample-Info.plist";
				PRODUCT_NAME = "$(TARGET_NAME)";
				WRAPPER_EXTENSION = app;
			};
			name = Debug;
		};
		95871B2618DE7B9B00B93E33 /* Release */ = {
			isa = XCBuildConfiguration;
			buildSettings = {
				ASSETCATALOG_COMPILER_APPICON_NAME = AppIcon;
				ASSETCATALOG_COMPILER_LAUNCHIMAGE_NAME = LaunchImage;
				GCC_PRECOMPILE_PREFIX_HEADER = YES;
				GCC_PREFIX_HEADER = "TBTExample/TBTExample-Prefix.pch";
				INFOPLIST_FILE = "TBTExample/TBTExample-Info.plist";
				PRODUCT_NAME = "$(TARGET_NAME)";
				WRAPPER_EXTENSION = app;
			};
			name = Release;
		};
		95871B2818DE7B9B00B93E33 /* Debug */ = {
			isa = XCBuildConfiguration;
			buildSettings = {
				BUNDLE_LOADER = "$(BUILT_PRODUCTS_DIR)/TBTExample.app/TBTExample";
				FRAMEWORK_SEARCH_PATHS = (
					"$(SDKROOT)/Developer/Library/Frameworks",
					"$(inherited)",
					"$(DEVELOPER_FRAMEWORKS_DIR)",
				);
				GCC_PRECOMPILE_PREFIX_HEADER = YES;
				GCC_PREFIX_HEADER = "TBTExample/TBTExample-Prefix.pch";
				GCC_PREPROCESSOR_DEFINITIONS = (
					"DEBUG=1",
					"$(inherited)",
				);
				INFOPLIST_FILE = "TBTExampleTests/TBTExampleTests-Info.plist";
				PRODUCT_NAME = "$(TARGET_NAME)";
				TEST_HOST = "$(BUNDLE_LOADER)";
				WRAPPER_EXTENSION = xctest;
			};
			name = Debug;
		};
		95871B2918DE7B9B00B93E33 /* Release */ = {
			isa = XCBuildConfiguration;
			buildSettings = {
				BUNDLE_LOADER = "$(BUILT_PRODUCTS_DIR)/TBTExample.app/TBTExample";
				FRAMEWORK_SEARCH_PATHS = (
					"$(SDKROOT)/Developer/Library/Frameworks",
					"$(inherited)",
					"$(DEVELOPER_FRAMEWORKS_DIR)",
				);
				GCC_PRECOMPILE_PREFIX_HEADER = YES;
				GCC_PREFIX_HEADER = "TBTExample/TBTExample-Prefix.pch";
				INFOPLIST_FILE = "TBTExampleTests/TBTExampleTests-Info.plist";
				PRODUCT_NAME = "$(TARGET_NAME)";
				TEST_HOST = "$(BUNDLE_LOADER)";
				WRAPPER_EXTENSION = xctest;
			};
			name = Release;
		};
/* End XCBuildConfiguration section */

/* Begin XCConfigurationList section */
		95871AED18DE7B9B00B93E33 /* Build configuration list for PBXProject "TBTExample" */ = {
			isa = XCConfigurationList;
			buildConfigurations = (
				95871B2218DE7B9B00B93E33 /* Debug */,
				95871B2318DE7B9B00B93E33 /* Release */,
			);
			defaultConfigurationIsVisible = 0;
			defaultConfigurationName = Release;
		};
		95871B2418DE7B9B00B93E33 /* Build configuration list for PBXNativeTarget "TBTExample" */ = {
			isa = XCConfigurationList;
			buildConfigurations = (
				95871B2518DE7B9B00B93E33 /* Debug */,
				95871B2618DE7B9B00B93E33 /* Release */,
			);
			defaultConfigurationIsVisible = 0;
			defaultConfigurationName = Release;
		};
		95871B2718DE7B9B00B93E33 /* Build configuration list for PBXNativeTarget "TBTExampleTests" */ = {
			isa = XCConfigurationList;
			buildConfigurations = (
				95871B2818DE7B9B00B93E33 /* Debug */,
				95871B2918DE7B9B00B93E33 /* Release */,
			);
			defaultConfigurationIsVisible = 0;
			defaultConfigurationName = Release;
		};
/* End XCConfigurationList section */
	};
	rootObject = 95871AEA18DE7B9B00B93E33 /* Project object */;
}
